
Microsoft Visual Studio Solution File, Format Version 12.00
# Visual Studio Version 17
VisualStudioVersion = 17.8.34511.84
MinimumVisualStudioVersion = 10.0.40219.1
Project("{FAE04EC0-301F-11D3-BF4B-00C04F79EFBC}") = "PersonAPI", "PersonAPI\PersonAPI.csproj", "{925F5A0D-B7FE-472E-A716-78311D2AAF65}"
EndProject
Global
	GlobalSection(SolutionConfigurationPlatforms) = preSolution
		Debug|Any CPU = Debug|Any CPU
		Release|Any CPU = Release|Any CPU
	EndGlobalSection
	GlobalSection(ProjectConfigurationPlatforms) = postSolution
		{925F5A0D-B7FE-472E-A716-78311D2AAF65}.Debug|Any CPU.ActiveCfg = Debug|Any CPU
		{925F5A0D-B7FE-472E-A716-78311D2AAF65}.Debug|Any CPU.Build.0 = Debug|Any CPU
		{925F5A0D-B7FE-472E-A716-78311D2AAF65}.Release|Any CPU.ActiveCfg = Release|Any CPU
		{925F5A0D-B7FE-472E-A716-78311D2AAF65}.Release|Any CPU.Build.0 = Release|Any CPU
	EndGlobalSection
	GlobalSection(SolutionProperties) = preSolution
		HideSolutionNode = FALSE
	EndGlobalSection
	GlobalSection(ExtensibilityGlobals) = postSolution
		SolutionGuid = {F0B01FF9-E56C-40E3-BBCE-F667FCB6C053}
	EndGlobalSection
EndGlobal
